// !$*UTF8*$!
{
	archiveVersion = 1;
	classes = {
	};
	objectVersion = 46;
	objects = {

/* Begin PBXBuildFile section */
		9F67BBFF1A268F3D009EAE56 /* smc.cpp in Sources */ = {isa = PBXBuildFile; fileRef = 9F67BBFE1A268F3D009EAE56 /* smc.cpp */; };
		9F67BC071A269045009EAE56 /* IOKit.framework in Frameworks */ = {isa = PBXBuildFile; fileRef = 9F67BC061A269045009EAE56 /* IOKit.framework */; };
		9F8A3C461A2D18A3000CF298 /* converters.cpp in Sources */ = {isa = PBXBuildFile; fileRef = 9F8A3C441A2D18A3000CF298 /* converters.cpp */; };
		9F8A3C481A2D2B82000CF298 /* main.cpp in Sources */ = {isa = PBXBuildFile; fileRef = 9F8A3C471A2D2B82000CF298 /* main.cpp */; };
		9F8A3C4B1A2D2C15000CF298 /* files_management.c in Sources */ = {isa = PBXBuildFile; fileRef = 9F8A3C491A2D2C15000CF298 /* files_management.c */; };
/* End PBXBuildFile section */

/* Begin PBXCopyFilesBuildPhase section */
		9F67BBF91A268F3D009EAE56 /* CopyFiles */ = {
			isa = PBXCopyFilesBuildPhase;
			buildActionMask = 2147483647;
			dstPath = /usr/share/man/man1/;
			dstSubfolderSpec = 0;
			files = (
			);
			runOnlyForDeploymentPostprocessing = 1;
		};
/* End PBXCopyFilesBuildPhase section */

/* Begin PBXFileReference section */
		9F67BBFB1A268F3D009EAE56 /* osx-system-data-logger */ = {isa = PBXFileReference; explicitFileType = "compiled.mach-o.executable"; includeInIndex = 0; path = "osx-system-data-logger"; sourceTree = BUILT_PRODUCTS_DIR; };
		9F67BBFE1A268F3D009EAE56 /* smc.cpp */ = {isa = PBXFileReference; lastKnownFileType = sourcecode.cpp.cpp; path = smc.cpp; sourceTree = "<group>"; };
		9F67BC051A269012009EAE56 /* smc.h */ = {isa = PBXFileReference; lastKnownFileType = sourcecode.c.h; path = smc.h; sourceTree = "<group>"; };
		9F67BC061A269045009EAE56 /* IOKit.framework */ = {isa = PBXFileReference; lastKnownFileType = wrapper.framework; name = IOKit.framework; path = System/Library/Frameworks/IOKit.framework; sourceTree = SDKROOT; };
		9F8A3C441A2D18A3000CF298 /* converters.cpp */ = {isa = PBXFileReference; fileEncoding = 4; lastKnownFileType = sourcecode.cpp.cpp; path = converters.cpp; sourceTree = "<group>"; };
		9F8A3C451A2D18A3000CF298 /* converters.h */ = {isa = PBXFileReference; fileEncoding = 4; lastKnownFileType = sourcecode.c.h; path = converters.h; sourceTree = "<group>"; };
		9F8A3C471A2D2B82000CF298 /* main.cpp */ = {isa = PBXFileReference; fileEncoding = 4; lastKnownFileType = sourcecode.cpp.cpp; path = main.cpp; sourceTree = "<group>"; };
		9F8A3C491A2D2C15000CF298 /* files_management.c */ = {isa = PBXFileReference; fileEncoding = 4; lastKnownFileType = sourcecode.c.c; path = files_management.c; sourceTree = "<group>"; };
		9F8A3C4A1A2D2C15000CF298 /* files_management.h */ = {isa = PBXFileReference; fileEncoding = 4; lastKnownFileType = sourcecode.c.h; path = files_management.h; sourceTree = "<group>"; };
/* End PBXFileReference section */

/* Begin PBXFrameworksBuildPhase section */
		9F67BBF81A268F3D009EAE56 /* Frameworks */ = {
			isa = PBXFrameworksBuildPhase;
			buildActionMask = 2147483647;
			files = (
				9F67BC071A269045009EAE56 /* IOKit.framework in Frameworks */,
			);
			runOnlyForDeploymentPostprocessing = 0;
		};
/* End PBXFrameworksBuildPhase section */

/* Begin PBXGroup section */
		9F67BBF21A268F3D009EAE56 = {
			isa = PBXGroup;
			children = (
				9F67BC061A269045009EAE56 /* IOKit.framework */,
				9F67BBFD1A268F3D009EAE56 /* osx-system-data-logger */,
				9F67BBFC1A268F3D009EAE56 /* Products */,
			);
			sourceTree = "<group>";
		};
		9F67BBFC1A268F3D009EAE56 /* Products */ = {
			isa = PBXGroup;
			children = (
				9F67BBFB1A268F3D009EAE56 /* osx-system-data-logger */,
			);
			name = Products;
			sourceTree = "<group>";
		};
		9F67BBFD1A268F3D009EAE56 /* osx-system-data-logger */ = {
			isa = PBXGroup;
			children = (
				9F8A3C491A2D2C15000CF298 /* files_management.c */,
				9F8A3C4A1A2D2C15000CF298 /* files_management.h */,
				9F67BBFE1A268F3D009EAE56 /* smc.cpp */,
				9F67BC051A269012009EAE56 /* smc.h */,
				9F8A3C441A2D18A3000CF298 /* converters.cpp */,
				9F8A3C451A2D18A3000CF298 /* converters.h */,
				9F8A3C471A2D2B82000CF298 /* main.cpp */,
			);
			path = "osx-system-data-logger";
			sourceTree = "<group>";
		};
/* End PBXGroup section */

/* Begin PBXNativeTarget section */
		9F67BBFA1A268F3D009EAE56 /* osx-system-data-logger */ = {
			isa = PBXNativeTarget;
			buildConfigurationList = 9F67BC021A268F3D009EAE56 /* Build configuration list for PBXNativeTarget "osx-system-data-logger" */;
			buildPhases = (
				9F67BBF71A268F3D009EAE56 /* Sources */,
				9F67BBF81A268F3D009EAE56 /* Frameworks */,
				9F67BBF91A268F3D009EAE56 /* CopyFiles */,
			);
			buildRules = (
			);
			dependencies = (
			);
			name = "osx-system-data-logger";
			productName = "osx-system-data-logger";
			productReference = 9F67BBFB1A268F3D009EAE56 /* osx-system-data-logger */;
			productType = "com.apple.product-type.tool";
		};
/* End PBXNativeTarget section */

/* Begin PBXProject section */
		9F67BBF31A268F3D009EAE56 /* Project object */ = {
			isa = PBXProject;
			attributes = {
				LastUpgradeCheck = 0610;
				ORGANIZATIONNAME = "Karol Dzitkowski";
				TargetAttributes = {
					9F67BBFA1A268F3D009EAE56 = {
						CreatedOnToolsVersion = 6.1;
					};
				};
			};
			buildConfigurationList = 9F67BBF61A268F3D009EAE56 /* Build configuration list for PBXProject "osx-system-data-logger" */;
			compatibilityVersion = "Xcode 3.2";
			developmentRegion = English;
			hasScannedForEncodings = 0;
			knownRegions = (
				en,
			);
			mainGroup = 9F67BBF21A268F3D009EAE56;
			productRefGroup = 9F67BBFC1A268F3D009EAE56 /* Products */;
			projectDirPath = "";
			projectRoot = "";
			targets = (
				9F67BBFA1A268F3D009EAE56 /* osx-system-data-logger */,
			);
		};
/* End PBXProject section */

/* Begin PBXSourcesBuildPhase section */
		9F67BBF71A268F3D009EAE56 /* Sources */ = {
			isa = PBXSourcesBuildPhase;
			buildActionMask = 2147483647;
			files = (
				9F8A3C461A2D18A3000CF298 /* converters.cpp in Sources */,
				9F67BBFF1A268F3D009EAE56 /* smc.cpp in Sources */,
				9F8A3C4B1A2D2C15000CF298 /* files_management.c in Sources */,
				9F8A3C481A2D2B82000CF298 /* main.cpp in Sources */,
			);
			runOnlyForDeploymentPostprocessing = 0;
		};
/* End PBXSourcesBuildPhase section */

/* Begin XCBuildConfiguration section */
		9F67BC001A268F3D009EAE56 /* Debug */ = {
			isa = XCBuildConfiguration;
			buildSettings = {
				ALWAYS_SEARCH_USER_PATHS = NO;
				CLANG_CXX_LANGUAGE_STANDARD = "gnu++0x";
				CLANG_CXX_LIBRARY = "libc++";
				CLANG_ENABLE_MODULES = YES;
				CLANG_ENABLE_OBJC_ARC = YES;
				CLANG_WARN_BOOL_CONVERSION = YES;
				CLANG_WARN_CONSTANT_CONVERSION = YES;
				CLANG_WARN_DIRECT_OBJC_ISA_USAGE = YES_ERROR;
				CLANG_WARN_EMPTY_BODY = YES;
				CLANG_WARN_ENUM_CONVERSION = YES;
				CLANG_WARN_INT_CONVERSION = YES;
				CLANG_WARN_OBJC_ROOT_CLASS = YES_ERROR;
				CLANG_WARN_UNREACHABLE_CODE = YES;
				CLANG_WARN__DUPLICATE_METHOD_MATCH = YES;
				COPY_PHASE_STRIP = NO;
				ENABLE_STRICT_OBJC_MSGSEND = YES;
				GCC_C_LANGUAGE_STANDARD = gnu99;
				GCC_DYNAMIC_NO_PIC = NO;
				GCC_OPTIMIZATION_LEVEL = 0;
				GCC_PREPROCESSOR_DEFINITIONS = (
					"DEBUG=1",
					"$(inherited)",
				);
				GCC_SYMBOLS_PRIVATE_EXTERN = NO;
				GCC_WARN_64_TO_32_BIT_CONVERSION = YES;
				GCC_WARN_ABOUT_RETURN_TYPE = YES_ERROR;
				GCC_WARN_UNDECLARED_SELECTOR = YES;
				GCC_WARN_UNINITIALIZED_AUTOS = YES_AGGRESSIVE;
				GCC_WARN_UNUSED_FUNCTION = YES;
				GCC_WARN_UNUSED_VARIABLE = YES;
				MACOSX_DEPLOYMENT_TARGET = 10.9;
				MTL_ENABLE_DEBUG_INFO = YES;
				ONLY_ACTIVE_ARCH = YES;
				SDKROOT = macosx;
			};
			name = Debug;
		};
		9F67BC011A268F3D009EAE56 /* Release */ = {
			isa = XCBuildConfiguration;
			buildSettings = {
				ALWAYS_SEARCH_USER_PATHS = NO;
				CLANG_CXX_LANGUAGE_STANDARD = "gnu++0x";
				CLANG_CXX_LIBRARY = "libc++";
				CLANG_ENABLE_MODULES = YES;
				CLANG_ENABLE_OBJC_ARC = YES;
				CLANG_WARN_BOOL_CONVERSION = YES;
				CLANG_WARN_CONSTANT_CONVERSION = YES;
				CLANG_WARN_DIRECT_OBJC_ISA_USAGE = YES_ERROR;
				CLANG_WARN_EMPTY_BODY = YES;
				CLANG_WARN_ENUM_CONVERSION = YES;
				CLANG_WARN_INT_CONVERSION = YES;
				CLANG_WARN_OBJC_ROOT_CLASS = YES_ERROR;
				CLANG_WARN_UNREACHABLE_CODE = YES;
				CLANG_WARN__DUPLICATE_METHOD_MATCH = YES;
				COPY_PHASE_STRIP = YES;
				DEBUG_INFORMATION_FORMAT = "dwarf-with-dsym";
				ENABLE_NS_ASSERTIONS = NO;
				ENABLE_STRICT_OBJC_MSGSEND = YES;
				GCC_C_LANGUAGE_STANDARD = gnu99;
				GCC_WARN_64_TO_32_BIT_CONVERSION = YES;
				GCC_WARN_ABOUT_RETURN_TYPE = YES_ERROR;
				GCC_WARN_UNDECLARED_SELECTOR = YES;
				GCC_WARN_UNINITIALIZED_AUTOS = YES_AGGRESSIVE;
				GCC_WARN_UNUSED_FUNCTION = YES;
				GCC_WARN_UNUSED_VARIABLE = YES;
				MACOSX_DEPLOYMENT_TARGET = 10.9;
				MTL_ENABLE_DEBUG_INFO = NO;
				SDKROOT = macosx;
			};
			name = Release;
		};
		9F67BC031A268F3D009EAE56 /* Debug */ = {
			isa = XCBuildConfiguration;
			buildSettings = {
				PRODUCT_NAME = "$(TARGET_NAME)";
			};
			name = Debug;
		};
		9F67BC041A268F3D009EAE56 /* Release */ = {
			isa = XCBuildConfiguration;
			buildSettings = {
				PRODUCT_NAME = "$(TARGET_NAME)";
			};
			name = Release;
		};
/* End XCBuildConfiguration section */

/* Begin XCConfigurationList section */
		9F67BBF61A268F3D009EAE56 /* Build configuration list for PBXProject "osx-system-data-logger" */ = {
			isa = XCConfigurationList;
			buildConfigurations = (
				9F67BC001A268F3D009EAE56 /* Debug */,
				9F67BC011A268F3D009EAE56 /* Release */,
			);
			defaultConfigurationIsVisible = 0;
			defaultConfigurationName = Release;
		};
		9F67BC021A268F3D009EAE56 /* Build configuration list for PBXNativeTarget "osx-system-data-logger" */ = {
			isa = XCConfigurationList;
			buildConfigurations = (
				9F67BC031A268F3D009EAE56 /* Debug */,
				9F67BC041A268F3D009EAE56 /* Release */,
			);
			defaultConfigurationIsVisible = 0;
			defaultConfigurationName = Release;
		};
/* End XCConfigurationList section */
	};
	rootObject = 9F67BBF31A268F3D009EAE56 /* Project object */;
}
